// !$*UTF8*$!
{
	archiveVersion = 1;
	classes = {
	};
	objectVersion = 50;
	objects = {

/* Begin PBXBuildFile section */
		2A93BA8D26D7590D008BCC0D /* AppDelegate.swift in Sources */ = {isa = PBXBuildFile; fileRef = 2A93BA8C26D7590D008BCC0D /* AppDelegate.swift */; };
		2A93BA8F26D7590D008BCC0D /* SceneDelegate.swift in Sources */ = {isa = PBXBuildFile; fileRef = 2A93BA8E26D7590D008BCC0D /* SceneDelegate.swift */; };
		2A93BA9126D7590D008BCC0D /* ViewController.swift in Sources */ = {isa = PBXBuildFile; fileRef = 2A93BA9026D7590D008BCC0D /* ViewController.swift */; };
		2A93BA9426D7590D008BCC0D /* Main.storyboard in Resources */ = {isa = PBXBuildFile; fileRef = 2A93BA9226D7590D008BCC0D /* Main.storyboard */; };
		2A93BA9626D7590E008BCC0D /* Assets.xcassets in Resources */ = {isa = PBXBuildFile; fileRef = 2A93BA9526D7590E008BCC0D /* Assets.xcassets */; };
		2A93BA9926D7590E008BCC0D /* LaunchScreen.storyboard in Resources */ = {isa = PBXBuildFile; fileRef = 2A93BA9726D7590E008BCC0D /* LaunchScreen.storyboard */; };
		2A93BAA426D7590F008BCC0D /* MobileLabTests.swift in Sources */ = {isa = PBXBuildFile; fileRef = 2A93BAA326D7590F008BCC0D /* MobileLabTests.swift */; };
		2A93BAAF26D7590F008BCC0D /* MobileLabUITests.swift in Sources */ = {isa = PBXBuildFile; fileRef = 2A93BAAE26D7590F008BCC0D /* MobileLabUITests.swift */; };
		2A93BABD26D7597F008BCC0D /* SoundGeneratorModel.swift in Sources */ = {isa = PBXBuildFile; fileRef = 2A93BABC26D7597F008BCC0D /* SoundGeneratorModel.swift */; };
		2A93BAC226D759D1008BCC0D /* foolishness ext 2.mp3 in Resources */ = {isa = PBXBuildFile; fileRef = 2A93BAC126D759D1008BCC0D /* foolishness ext 2.mp3 */; };
/* End PBXBuildFile section */

/* Begin PBXContainerItemProxy section */
		2A93BAA026D7590F008BCC0D /* PBXContainerItemProxy */ = {
			isa = PBXContainerItemProxy;
			containerPortal = 2A93BA8126D7590D008BCC0D /* Project object */;
			proxyType = 1;
			remoteGlobalIDString = 2A93BA8826D7590D008BCC0D;
			remoteInfo = MobileLab;
		};
		2A93BAAB26D7590F008BCC0D /* PBXContainerItemProxy */ = {
			isa = PBXContainerItemProxy;
			containerPortal = 2A93BA8126D7590D008BCC0D /* Project object */;
			proxyType = 1;
			remoteGlobalIDString = 2A93BA8826D7590D008BCC0D;
			remoteInfo = MobileLab;
		};
/* End PBXContainerItemProxy section */

/* Begin PBXFileReference section */
		2A93BA8926D7590D008BCC0D /* MobileLab.app */ = {isa = PBXFileReference; explicitFileType = wrapper.application; includeInIndex = 0; path = MobileLab.app; sourceTree = BUILT_PRODUCTS_DIR; };
		2A93BA8C26D7590D008BCC0D /* AppDelegate.swift */ = {isa = PBXFileReference; lastKnownFileType = sourcecode.swift; path = AppDelegate.swift; sourceTree = "<group>"; };
		2A93BA8E26D7590D008BCC0D /* SceneDelegate.swift */ = {isa = PBXFileReference; lastKnownFileType = sourcecode.swift; path = SceneDelegate.swift; sourceTree = "<group>"; };
		2A93BA9026D7590D008BCC0D /* ViewController.swift */ = {isa = PBXFileReference; lastKnownFileType = sourcecode.swift; path = ViewController.swift; sourceTree = "<group>"; };
		2A93BA9326D7590D008BCC0D /* Base */ = {isa = PBXFileReference; lastKnownFileType = file.storyboard; name = Base; path = Base.lproj/Main.storyboard; sourceTree = "<group>"; };
		2A93BA9526D7590E008BCC0D /* Assets.xcassets */ = {isa = PBXFileReference; lastKnownFileType = folder.assetcatalog; path = Assets.xcassets; sourceTree = "<group>"; };
		2A93BA9826D7590E008BCC0D /* Base */ = {isa = PBXFileReference; lastKnownFileType = file.storyboard; name = Base; path = Base.lproj/LaunchScreen.storyboard; sourceTree = "<group>"; };
		2A93BA9A26D7590E008BCC0D /* Info.plist */ = {isa = PBXFileReference; lastKnownFileType = text.plist.xml; path = Info.plist; sourceTree = "<group>"; };
		2A93BA9F26D7590F008BCC0D /* MobileLabTests.xctest */ = {isa = PBXFileReference; explicitFileType = wrapper.cfbundle; includeInIndex = 0; path = MobileLabTests.xctest; sourceTree = BUILT_PRODUCTS_DIR; };
		2A93BAA326D7590F008BCC0D /* MobileLabTests.swift */ = {isa = PBXFileReference; lastKnownFileType = sourcecode.swift; path = MobileLabTests.swift; sourceTree = "<group>"; };
		2A93BAA526D7590F008BCC0D /* Info.plist */ = {isa = PBXFileReference; lastKnownFileType = text.plist.xml; path = Info.plist; sourceTree = "<group>"; };
		2A93BAAA26D7590F008BCC0D /* MobileLabUITests.xctest */ = {isa = PBXFileReference; explicitFileType = wrapper.cfbundle; includeInIndex = 0; path = MobileLabUITests.xctest; sourceTree = BUILT_PRODUCTS_DIR; };
		2A93BAAE26D7590F008BCC0D /* MobileLabUITests.swift */ = {isa = PBXFileReference; lastKnownFileType = sourcecode.swift; path = MobileLabUITests.swift; sourceTree = "<group>"; };
		2A93BAB026D7590F008BCC0D /* Info.plist */ = {isa = PBXFileReference; lastKnownFileType = text.plist.xml; path = Info.plist; sourceTree = "<group>"; };
		2A93BABC26D7597F008BCC0D /* SoundGeneratorModel.swift */ = {isa = PBXFileReference; lastKnownFileType = sourcecode.swift; path = SoundGeneratorModel.swift; sourceTree = "<group>"; };
		2A93BAC126D759D1008BCC0D /* foolishness ext 2.mp3 */ = {isa = PBXFileReference; lastKnownFileType = audio.mp3; path = "foolishness ext 2.mp3"; sourceTree = "<group>"; };
/* End PBXFileReference section */

/* Begin PBXFrameworksBuildPhase section */
		2A93BA8626D7590D008BCC0D /* Frameworks */ = {
			isa = PBXFrameworksBuildPhase;
			buildActionMask = 2147483647;
			files = (
			);
			runOnlyForDeploymentPostprocessing = 0;
		};
		2A93BA9C26D7590F008BCC0D /* Frameworks */ = {
			isa = PBXFrameworksBuildPhase;
			buildActionMask = 2147483647;
			files = (
			);
			runOnlyForDeploymentPostprocessing = 0;
		};
		2A93BAA726D7590F008BCC0D /* Frameworks */ = {
			isa = PBXFrameworksBuildPhase;
			buildActionMask = 2147483647;
			files = (
			);
			runOnlyForDeploymentPostprocessing = 0;
		};
/* End PBXFrameworksBuildPhase section */

/* Begin PBXGroup section */
		2A93BA8026D7590D008BCC0D = {
			isa = PBXGroup;
			children = (
				2A93BA8B26D7590D008BCC0D /* MobileLab */,
				2A93BAA226D7590F008BCC0D /* MobileLabTests */,
				2A93BAAD26D7590F008BCC0D /* MobileLabUITests */,
				2A93BA8A26D7590D008BCC0D /* Products */,
			);
			sourceTree = "<group>";
		};
		2A93BA8A26D7590D008BCC0D /* Products */ = {
			isa = PBXGroup;
			children = (
				2A93BA8926D7590D008BCC0D /* MobileLab.app */,
				2A93BA9F26D7590F008BCC0D /* MobileLabTests.xctest */,
				2A93BAAA26D7590F008BCC0D /* MobileLabUITests.xctest */,
			);
			name = Products;
			sourceTree = "<group>";
		};
		2A93BA8B26D7590D008BCC0D /* MobileLab */ = {
			isa = PBXGroup;
			children = (
				2A93BA8C26D7590D008BCC0D /* AppDelegate.swift */,
				2A93BA8E26D7590D008BCC0D /* SceneDelegate.swift */,
				2A93BAC026D759B1008BCC0D /* Supporting Files */,
				2A93BABF26D7599B008BCC0D /* Model */,
				2A93BABE26D75987008BCC0D /* Controller */,
				2A93BA9226D7590D008BCC0D /* Main.storyboard */,
				2A93BA9526D7590E008BCC0D /* Assets.xcassets */,
				2A93BA9726D7590E008BCC0D /* LaunchScreen.storyboard */,
				2A93BA9A26D7590E008BCC0D /* Info.plist */,
			);
			path = MobileLab;
			sourceTree = "<group>";
		};
		2A93BAA226D7590F008BCC0D /* MobileLabTests */ = {
			isa = PBXGroup;
			children = (
				2A93BAA326D7590F008BCC0D /* MobileLabTests.swift */,
				2A93BAA526D7590F008BCC0D /* Info.plist */,
			);
			path = MobileLabTests;
			sourceTree = "<group>";
		};
		2A93BAAD26D7590F008BCC0D /* MobileLabUITests */ = {
			isa = PBXGroup;
			children = (
				2A93BAAE26D7590F008BCC0D /* MobileLabUITests.swift */,
				2A93BAB026D7590F008BCC0D /* Info.plist */,
			);
			path = MobileLabUITests;
			sourceTree = "<group>";
		};
		2A93BABE26D75987008BCC0D /* Controller */ = {
			isa = PBXGroup;
			children = (
				2A93BA9026D7590D008BCC0D /* ViewController.swift */,
			);
			path = Controller;
			sourceTree = "<group>";
		};
		2A93BABF26D7599B008BCC0D /* Model */ = {
			isa = PBXGroup;
			children = (
				2A93BABC26D7597F008BCC0D /* SoundGeneratorModel.swift */,
			);
			path = Model;
			sourceTree = "<group>";
		};
		2A93BAC026D759B1008BCC0D /* Supporting Files */ = {
			isa = PBXGroup;
			children = (
				2A93BAC126D759D1008BCC0D /* foolishness ext 2.mp3 */,
			);
			path = "Supporting Files";
			sourceTree = "<group>";
		};
/* End PBXGroup section */

/* Begin PBXNativeTarget section */
		2A93BA8826D7590D008BCC0D /* MobileLab */ = {
			isa = PBXNativeTarget;
			buildConfigurationList = 2A93BAB326D7590F008BCC0D /* Build configuration list for PBXNativeTarget "MobileLab" */;
			buildPhases = (
				2A93BA8526D7590D008BCC0D /* Sources */,
				2A93BA8626D7590D008BCC0D /* Frameworks */,
				2A93BA8726D7590D008BCC0D /* Resources */,
			);
			buildRules = (
			);
			dependencies = (
			);
			name = MobileLab;
			productName = MobileLab;
			productReference = 2A93BA8926D7590D008BCC0D /* MobileLab.app */;
			productType = "com.apple.product-type.application";
		};
		2A93BA9E26D7590F008BCC0D /* MobileLabTests */ = {
			isa = PBXNativeTarget;
			buildConfigurationList = 2A93BAB626D7590F008BCC0D /* Build configuration list for PBXNativeTarget "MobileLabTests" */;
			buildPhases = (
				2A93BA9B26D7590F008BCC0D /* Sources */,
				2A93BA9C26D7590F008BCC0D /* Frameworks */,
				2A93BA9D26D7590F008BCC0D /* Resources */,
			);
			buildRules = (
			);
			dependencies = (
				2A93BAA126D7590F008BCC0D /* PBXTargetDependency */,
			);
			name = MobileLabTests;
			productName = MobileLabTests;
			productReference = 2A93BA9F26D7590F008BCC0D /* MobileLabTests.xctest */;
			productType = "com.apple.product-type.bundle.unit-test";
		};
		2A93BAA926D7590F008BCC0D /* MobileLabUITests */ = {
			isa = PBXNativeTarget;
			buildConfigurationList = 2A93BAB926D7590F008BCC0D /* Build configuration list for PBXNativeTarget "MobileLabUITests" */;
			buildPhases = (
				2A93BAA626D7590F008BCC0D /* Sources */,
				2A93BAA726D7590F008BCC0D /* Frameworks */,
				2A93BAA826D7590F008BCC0D /* Resources */,
			);
			buildRules = (
			);
			dependencies = (
				2A93BAAC26D7590F008BCC0D /* PBXTargetDependency */,
			);
			name = MobileLabUITests;
			productName = MobileLabUITests;
			productReference = 2A93BAAA26D7590F008BCC0D /* MobileLabUITests.xctest */;
			productType = "com.apple.product-type.bundle.ui-testing";
		};
/* End PBXNativeTarget section */

/* Begin PBXProject section */
		2A93BA8126D7590D008BCC0D /* Project object */ = {
			isa = PBXProject;
			attributes = {
				LastSwiftUpdateCheck = 1250;
				LastUpgradeCheck = 1250;
				TargetAttributes = {
					2A93BA8826D7590D008BCC0D = {
						CreatedOnToolsVersion = 12.5.1;
					};
					2A93BA9E26D7590F008BCC0D = {
						CreatedOnToolsVersion = 12.5.1;
						TestTargetID = 2A93BA8826D7590D008BCC0D;
					};
					2A93BAA926D7590F008BCC0D = {
						CreatedOnToolsVersion = 12.5.1;
						TestTargetID = 2A93BA8826D7590D008BCC0D;
					};
				};
			};
			buildConfigurationList = 2A93BA8426D7590D008BCC0D /* Build configuration list for PBXProject "MobileLab" */;
			compatibilityVersion = "Xcode 9.3";
			developmentRegion = en;
			hasScannedForEncodings = 0;
			knownRegions = (
				en,
				Base,
			);
			mainGroup = 2A93BA8026D7590D008BCC0D;
			productRefGroup = 2A93BA8A26D7590D008BCC0D /* Products */;
			projectDirPath = "";
			projectRoot = "";
			targets = (
				2A93BA8826D7590D008BCC0D /* MobileLab */,
				2A93BA9E26D7590F008BCC0D /* MobileLabTests */,
				2A93BAA926D7590F008BCC0D /* MobileLabUITests */,
			);
		};
/* End PBXProject section */

/* Begin PBXResourcesBuildPhase section */
		2A93BA8726D7590D008BCC0D /* Resources */ = {
			isa = PBXResourcesBuildPhase;
			buildActionMask = 2147483647;
			files = (
				2A93BA9926D7590E008BCC0D /* LaunchScreen.storyboard in Resources */,
				2A93BA9626D7590E008BCC0D /* Assets.xcassets in Resources */,
				2A93BA9426D7590D008BCC0D /* Main.storyboard in Resources */,
				2A93BAC226D759D1008BCC0D /* foolishness ext 2.mp3 in Resources */,
			);
			runOnlyForDeploymentPostprocessing = 0;
		};
		2A93BA9D26D7590F008BCC0D /* Resources */ = {
			isa = PBXResourcesBuildPhase;
			buildActionMask = 2147483647;
			files = (
			);
			runOnlyForDeploymentPostprocessing = 0;
		};
		2A93BAA826D7590F008BCC0D /* Resources */ = {
			isa = PBXResourcesBuildPhase;
			buildActionMask = 2147483647;
			files = (
			);
			runOnlyForDeploymentPostprocessing = 0;
		};
/* End PBXResourcesBuildPhase section */

/* Begin PBXSourcesBuildPhase section */
		2A93BA8526D7590D008BCC0D /* Sources */ = {
			isa = PBXSourcesBuildPhase;
			buildActionMask = 2147483647;
			files = (
				2A93BA9126D7590D008BCC0D /* ViewController.swift in Sources */,
				2A93BABD26D7597F008BCC0D /* SoundGeneratorModel.swift in Sources */,
				2A93BA8D26D7590D008BCC0D /* AppDelegate.swift in Sources */,
				2A93BA8F26D7590D008BCC0D /* SceneDelegate.swift in Sources */,
			);
			runOnlyForDeploymentPostprocessing = 0;
		};
		2A93BA9B26D7590F008BCC0D /* Sources */ = {
			isa = PBXSourcesBuildPhase;
			buildActionMask = 2147483647;
			files = (
				2A93BAA426D7590F008BCC0D /* MobileLabTests.swift in Sources */,
			);
			runOnlyForDeploymentPostprocessing = 0;
		};
		2A93BAA626D7590F008BCC0D /* Sources */ = {
			isa = PBXSourcesBuildPhase;
			buildActionMask = 2147483647;
			files = (
				2A93BAAF26D7590F008BCC0D /* MobileLabUITests.swift in Sources */,
			);
			runOnlyForDeploymentPostprocessing = 0;
		};
/* End PBXSourcesBuildPhase section */

/* Begin PBXTargetDependency section */
		2A93BAA126D7590F008BCC0D /* PBXTargetDependency */ = {
			isa = PBXTargetDependency;
			target = 2A93BA8826D7590D008BCC0D /* MobileLab */;
			targetProxy = 2A93BAA026D7590F008BCC0D /* PBXContainerItemProxy */;
		};
		2A93BAAC26D7590F008BCC0D /* PBXTargetDependency */ = {
			isa = PBXTargetDependency;
			target = 2A93BA8826D7590D008BCC0D /* MobileLab */;
			targetProxy = 2A93BAAB26D7590F008BCC0D /* PBXContainerItemProxy */;
		};
/* End PBXTargetDependency section */

/* Begin PBXVariantGroup section */
		2A93BA9226D7590D008BCC0D /* Main.storyboard */ = {
			isa = PBXVariantGroup;
			children = (
				2A93BA9326D7590D008BCC0D /* Base */,
			);
			name = Main.storyboard;
			sourceTree = "<group>";
		};
		2A93BA9726D7590E008BCC0D /* LaunchScreen.storyboard */ = {
			isa = PBXVariantGroup;
			children = (
				2A93BA9826D7590E008BCC0D /* Base */,
			);
			name = LaunchScreen.storyboard;
			sourceTree = "<group>";
		};
/* End PBXVariantGroup section */

/* Begin XCBuildConfiguration section */
		2A93BAB126D7590F008BCC0D /* Debug */ = {
			isa = XCBuildConfiguration;
			buildSettings = {
				ALWAYS_SEARCH_USER_PATHS = NO;
				CLANG_ANALYZER_NONNULL = YES;
				CLANG_ANALYZER_NUMBER_OBJECT_CONVERSION = YES_AGGRESSIVE;
				CLANG_CXX_LANGUAGE_STANDARD = "gnu++14";
				CLANG_CXX_LIBRARY = "libc++";
				CLANG_ENABLE_MODULES = YES;
				CLANG_ENABLE_OBJC_ARC = YES;
				CLANG_ENABLE_OBJC_WEAK = YES;
				CLANG_WARN_BLOCK_CAPTURE_AUTORELEASING = YES;
				CLANG_WARN_BOOL_CONVERSION = YES;
				CLANG_WARN_COMMA = YES;
				CLANG_WARN_CONSTANT_CONVERSION = YES;
				CLANG_WARN_DEPRECATED_OBJC_IMPLEMENTATIONS = YES;
				CLANG_WARN_DIRECT_OBJC_ISA_USAGE = YES_ERROR;
				CLANG_WARN_DOCUMENTATION_COMMENTS = YES;
				CLANG_WARN_EMPTY_BODY = YES;
				CLANG_WARN_ENUM_CONVERSION = YES;
				CLANG_WARN_INFINITE_RECURSION = YES;
				CLANG_WARN_INT_CONVERSION = YES;
				CLANG_WARN_NON_LITERAL_NULL_CONVERSION = YES;
				CLANG_WARN_OBJC_IMPLICIT_RETAIN_SELF = YES;
				CLANG_WARN_OBJC_LITERAL_CONVERSION = YES;
				CLANG_WARN_OBJC_ROOT_CLASS = YES_ERROR;
				CLANG_WARN_QUOTED_INCLUDE_IN_FRAMEWORK_HEADER = YES;
				CLANG_WARN_RANGE_LOOP_ANALYSIS = YES;
				CLANG_WARN_STRICT_PROTOTYPES = YES;
				CLANG_WARN_SUSPICIOUS_MOVE = YES;
				CLANG_WARN_UNGUARDED_AVAILABILITY = YES_AGGRESSIVE;
				CLANG_WARN_UNREACHABLE_CODE = YES;
				CLANG_WARN__DUPLICATE_METHOD_MATCH = YES;
				COPY_PHASE_STRIP = NO;
				DEBUG_INFORMATION_FORMAT = dwarf;
				ENABLE_STRICT_OBJC_MSGSEND = YES;
				ENABLE_TESTABILITY = YES;
				GCC_C_LANGUAGE_STANDARD = gnu11;
				GCC_DYNAMIC_NO_PIC = NO;
				GCC_NO_COMMON_BLOCKS = YES;
				GCC_OPTIMIZATION_LEVEL = 0;
				GCC_PREPROCESSOR_DEFINITIONS = (
					"DEBUG=1",
					"$(inherited)",
				);
				GCC_WARN_64_TO_32_BIT_CONVERSION = YES;
				GCC_WARN_ABOUT_RETURN_TYPE = YES_ERROR;
				GCC_WARN_UNDECLARED_SELECTOR = YES;
				GCC_WARN_UNINITIALIZED_AUTOS = YES_AGGRESSIVE;
				GCC_WARN_UNUSED_FUNCTION = YES;
				GCC_WARN_UNUSED_VARIABLE = YES;
				IPHONEOS_DEPLOYMENT_TARGET = 14.5;
				MTL_ENABLE_DEBUG_INFO = INCLUDE_SOURCE;
				MTL_FAST_MATH = YES;
				ONLY_ACTIVE_ARCH = YES;
				SDKROOT = iphoneos;
				SWIFT_ACTIVE_COMPILATION_CONDITIONS = DEBUG;
				SWIFT_OPTIMIZATION_LEVEL = "-Onone";
			};
			name = Debug;
		};
		2A93BAB226D7590F008BCC0D /* Release */ = {
			isa = XCBuildConfiguration;
			buildSettings = {
				ALWAYS_SEARCH_USER_PATHS = NO;
				CLANG_ANALYZER_NONNULL = YES;
				CLANG_ANALYZER_NUMBER_OBJECT_CONVERSION = YES_AGGRESSIVE;
				CLANG_CXX_LANGUAGE_STANDARD = "gnu++14";
				CLANG_CXX_LIBRARY = "libc++";
				CLANG_ENABLE_MODULES = YES;
				CLANG_ENABLE_OBJC_ARC = YES;
				CLANG_ENABLE_OBJC_WEAK = YES;
				CLANG_WARN_BLOCK_CAPTURE_AUTORELEASING = YES;
				CLANG_WARN_BOOL_CONVERSION = YES;
				CLANG_WARN_COMMA = YES;
				CLANG_WARN_CONSTANT_CONVERSION = YES;
				CLANG_WARN_DEPRECATED_OBJC_IMPLEMENTATIONS = YES;
				CLANG_WARN_DIRECT_OBJC_ISA_USAGE = YES_ERROR;
				CLANG_WARN_DOCUMENTATION_COMMENTS = YES;
				CLANG_WARN_EMPTY_BODY = YES;
				CLANG_WARN_ENUM_CONVERSION = YES;
				CLANG_WARN_INFINITE_RECURSION = YES;
				CLANG_WARN_INT_CONVERSION = YES;
				CLANG_WARN_NON_LITERAL_NULL_CONVERSION = YES;
				CLANG_WARN_OBJC_IMPLICIT_RETAIN_SELF = YES;
				CLANG_WARN_OBJC_LITERAL_CONVERSION = YES;
				CLANG_WARN_OBJC_ROOT_CLASS = YES_ERROR;
				CLANG_WARN_QUOTED_INCLUDE_IN_FRAMEWORK_HEADER = YES;
				CLANG_WARN_RANGE_LOOP_ANALYSIS = YES;
				CLANG_WARN_STRICT_PROTOTYPES = YES;
				CLANG_WARN_SUSPICIOUS_MOVE = YES;
				CLANG_WARN_UNGUARDED_AVAILABILITY = YES_AGGRESSIVE;
				CLANG_WARN_UNREACHABLE_CODE = YES;
				CLANG_WARN__DUPLICATE_METHOD_MATCH = YES;
				COPY_PHASE_STRIP = NO;
				DEBUG_INFORMATION_FORMAT = "dwarf-with-dsym";
				ENABLE_NS_ASSERTIONS = NO;
				ENABLE_STRICT_OBJC_MSGSEND = YES;
				GCC_C_LANGUAGE_STANDARD = gnu11;
				GCC_NO_COMMON_BLOCKS = YES;
				GCC_WARN_64_TO_32_BIT_CONVERSION = YES;
				GCC_WARN_ABOUT_RETURN_TYPE = YES_ERROR;
				GCC_WARN_UNDECLARED_SELECTOR = YES;
				GCC_WARN_UNINITIALIZED_AUTOS = YES_AGGRESSIVE;
				GCC_WARN_UNUSED_FUNCTION = YES;
				GCC_WARN_UNUSED_VARIABLE = YES;
				IPHONEOS_DEPLOYMENT_TARGET = 14.5;
				MTL_ENABLE_DEBUG_INFO = NO;
				MTL_FAST_MATH = YES;
				SDKROOT = iphoneos;
				SWIFT_COMPILATION_MODE = wholemodule;
				SWIFT_OPTIMIZATION_LEVEL = "-O";
				VALIDATE_PRODUCT = YES;
			};
			name = Release;
		};
		2A93BAB426D7590F008BCC0D /* Debug */ = {
			isa = XCBuildConfiguration;
			buildSettings = {
				ASSETCATALOG_COMPILER_APPICON_NAME = AppIcon;
				ASSETCATALOG_COMPILER_GLOBAL_ACCENT_COLOR_NAME = AccentColor;
				CODE_SIGN_STYLE = Automatic;
				DEVELOPMENT_TEAM = CE9WNMPX38;
				INFOPLIST_FILE = MobileLab/Info.plist;
				LD_RUNPATH_SEARCH_PATHS = (
					"$(inherited)",
					"@executable_path/Frameworks",
				);
				PRODUCT_BUNDLE_IDENTIFIER = "Webb-Tech.MobileLab";
				PRODUCT_NAME = "$(TARGET_NAME)";
				SWIFT_VERSION = 5.0;
				TARGETED_DEVICE_FAMILY = "1,2";
			};
			name = Debug;
		};
		2A93BAB526D7590F008BCC0D /* Release */ = {
			isa = XCBuildConfiguration;
			buildSettings = {
				ASSETCATALOG_COMPILER_APPICON_NAME = AppIcon;
				ASSETCATALOG_COMPILER_GLOBAL_ACCENT_COLOR_NAME = AccentColor;
				CODE_SIGN_STYLE = Automatic;
				DEVELOPMENT_TEAM = CE9WNMPX38;
				INFOPLIST_FILE = MobileLab/Info.plist;
				LD_RUNPATH_SEARCH_PATHS = (
					"$(inherited)",
					"@executable_path/Frameworks",
				);
				PRODUCT_BUNDLE_IDENTIFIER = "Webb-Tech.MobileLab";
				PRODUCT_NAME = "$(TARGET_NAME)";
				SWIFT_VERSION = 5.0;
				TARGETED_DEVICE_FAMILY = "1,2";
			};
			name = Release;
		};
		2A93BAB726D7590F008BCC0D /* Debug */ = {
			isa = XCBuildConfiguration;
			buildSettings = {
				ALWAYS_EMBED_SWIFT_STANDARD_LIBRARIES = YES;
				BUNDLE_LOADER = "$(TEST_HOST)";
				CODE_SIGN_STYLE = Automatic;
				DEVELOPMENT_TEAM = CE9WNMPX38;
				INFOPLIST_FILE = MobileLabTests/Info.plist;
				IPHONEOS_DEPLOYMENT_TARGET = 14.5;
				LD_RUNPATH_SEARCH_PATHS = (
					"$(inherited)",
					"@executable_path/Frameworks",
					"@loader_path/Frameworks",
				);
				PRODUCT_BUNDLE_IDENTIFIER = "Webb-Tech.MobileLabTests";
				PRODUCT_NAME = "$(TARGET_NAME)";
				SWIFT_VERSION = 5.0;
				TARGETED_DEVICE_FAMILY = "1,2";
				TEST_HOST = "$(BUILT_PRODUCTS_DIR)/MobileLab.app/MobileLab";
			};
			name = Debug;
		};
		2A93BAB826D7590F008BCC0D /* Release */ = {
			isa = XCBuildConfiguration;
			buildSettings = {
				ALWAYS_EMBED_SWIFT_STANDARD_LIBRARIES = YES;
				BUNDLE_LOADER = "$(TEST_HOST)";
				CODE_SIGN_STYLE = Automatic;
				DEVELOPMENT_TEAM = CE9WNMPX38;
				INFOPLIST_FILE = MobileLabTests/Info.plist;
				IPHONEOS_DEPLOYMENT_TARGET = 14.5;
				LD_RUNPATH_SEARCH_PATHS = (
					"$(inherited)",
					"@executable_path/Frameworks",
					"@loader_path/Frameworks",
				);
				PRODUCT_BUNDLE_IDENTIFIER = "Webb-Tech.MobileLabTests";
				PRODUCT_NAME = "$(TARGET_NAME)";
				SWIFT_VERSION = 5.0;
				TARGETED_DEVICE_FAMILY = "1,2";
				TEST_HOST = "$(BUILT_PRODUCTS_DIR)/MobileLab.app/MobileLab";
			};
			name = Release;
		};
		2A93BABA26D7590F008BCC0D /* Debug */ = {
			isa = XCBuildConfiguration;
			buildSettings = {
				ALWAYS_EMBED_SWIFT_STANDARD_LIBRARIES = YES;
				CODE_SIGN_STYLE = Automatic;
				DEVELOPMENT_TEAM = CE9WNMPX38;
				INFOPLIST_FILE = MobileLabUITests/Info.plist;
				LD_RUNPATH_SEARCH_PATHS = (
					"$(inherited)",
					"@executable_path/Frameworks",
					"@loader_path/Frameworks",
				);
				PRODUCT_BUNDLE_IDENTIFIER = "Webb-Tech.MobileLabUITests";
				PRODUCT_NAME = "$(TARGET_NAME)";
				SWIFT_VERSION = 5.0;
				TARGETED_DEVICE_FAMILY = "1,2";
				TEST_TARGET_NAME = MobileLab;
			};
			name = Debug;
		};
		2A93BABB26D7590F008BCC0D /* Release */ = {
			isa = XCBuildConfiguration;
			buildSettings = {
				ALWAYS_EMBED_SWIFT_STANDARD_LIBRARIES = YES;
				CODE_SIGN_STYLE = Automatic;
				DEVELOPMENT_TEAM = CE9WNMPX38;
				INFOPLIST_FILE = MobileLabUITests/Info.plist;
				LD_RUNPATH_SEARCH_PATHS = (
					"$(inherited)",
					"@executable_path/Frameworks",
					"@loader_path/Frameworks",
				);
				PRODUCT_BUNDLE_IDENTIFIER = "Webb-Tech.MobileLabUITests";
				PRODUCT_NAME = "$(TARGET_NAME)";
				SWIFT_VERSION = 5.0;
				TARGETED_DEVICE_FAMILY = "1,2";
				TEST_TARGET_NAME = MobileLab;
			};
			name = Release;
		};
/* End XCBuildConfiguration section */

/* Begin XCConfigurationList section */
		2A93BA8426D7590D008BCC0D /* Build configuration list for PBXProject "MobileLab" */ = {
			isa = XCConfigurationList;
			buildConfigurations = (
				2A93BAB126D7590F008BCC0D /* Debug */,
				2A93BAB226D7590F008BCC0D /* Release */,
			);
			defaultConfigurationIsVisible = 0;
			defaultConfigurationName = Release;
		};
		2A93BAB326D7590F008BCC0D /* Build configuration list for PBXNativeTarget "MobileLab" */ = {
			isa = XCConfigurationList;
			buildConfigurations = (
				2A93BAB426D7590F008BCC0D /* Debug */,
				2A93BAB526D7590F008BCC0D /* Release */,
			);
			defaultConfigurationIsVisible = 0;
			defaultConfigurationName = Release;
		};
		2A93BAB626D7590F008BCC0D /* Build configuration list for PBXNativeTarget "MobileLabTests" */ = {
			isa = XCConfigurationList;
			buildConfigurations = (
				2A93BAB726D7590F008BCC0D /* Debug */,
				2A93BAB826D7590F008BCC0D /* Release */,
			);
			defaultConfigurationIsVisible = 0;
			defaultConfigurationName = Release;
		};
		2A93BAB926D7590F008BCC0D /* Build configuration list for PBXNativeTarget "MobileLabUITests" */ = {
			isa = XCConfigurationList;
			buildConfigurations = (
				2A93BABA26D7590F008BCC0D /* Debug */,
				2A93BABB26D7590F008BCC0D /* Release */,
			);
			defaultConfigurationIsVisible = 0;
			defaultConfigurationName = Release;
		};
/* End XCConfigurationList section */
	};
	rootObject = 2A93BA8126D7590D008BCC0D /* Project object */;
}
