// !$*UTF8*$!
{
	archiveVersion = 1;
	classes = {
	};
	objectVersion = 50;
	objects = {

/* Begin PBXBuildFile section */
		2A104378265B1AE800E7744F /* AppDelegate.swift in Sources */ = {isa = PBXBuildFile; fileRef = 2A104377265B1AE800E7744F /* AppDelegate.swift */; };
		2A10437A265B1AE800E7744F /* SceneDelegate.swift in Sources */ = {isa = PBXBuildFile; fileRef = 2A104379265B1AE800E7744F /* SceneDelegate.swift */; };
		2A10437C265B1AE800E7744F /* ViewController.swift in Sources */ = {isa = PBXBuildFile; fileRef = 2A10437B265B1AE800E7744F /* ViewController.swift */; };
		2A10437F265B1AE800E7744F /* Main.storyboard in Resources */ = {isa = PBXBuildFile; fileRef = 2A10437D265B1AE800E7744F /* Main.storyboard */; };
		2A104381265B1AEB00E7744F /* Assets.xcassets in Resources */ = {isa = PBXBuildFile; fileRef = 2A104380265B1AEB00E7744F /* Assets.xcassets */; };
		2A104384265B1AEB00E7744F /* LaunchScreen.storyboard in Resources */ = {isa = PBXBuildFile; fileRef = 2A104382265B1AEB00E7744F /* LaunchScreen.storyboard */; };
		2A10438F265B1AEC00E7744F /* The_Mobile_Lab_with_UIKitTests.swift in Sources */ = {isa = PBXBuildFile; fileRef = 2A10438E265B1AEC00E7744F /* The_Mobile_Lab_with_UIKitTests.swift */; };
		2A10439A265B1AEC00E7744F /* The_Mobile_Lab_with_UIKitUITests.swift in Sources */ = {isa = PBXBuildFile; fileRef = 2A104399265B1AEC00E7744F /* The_Mobile_Lab_with_UIKitUITests.swift */; };
/* End PBXBuildFile section */

/* Begin PBXContainerItemProxy section */
		2A10438B265B1AEC00E7744F /* PBXContainerItemProxy */ = {
			isa = PBXContainerItemProxy;
			containerPortal = 2A10436C265B1AE800E7744F /* Project object */;
			proxyType = 1;
			remoteGlobalIDString = 2A104373265B1AE800E7744F;
			remoteInfo = "The Mobile Lab with UIKit";
		};
		2A104396265B1AEC00E7744F /* PBXContainerItemProxy */ = {
			isa = PBXContainerItemProxy;
			containerPortal = 2A10436C265B1AE800E7744F /* Project object */;
			proxyType = 1;
			remoteGlobalIDString = 2A104373265B1AE800E7744F;
			remoteInfo = "The Mobile Lab with UIKit";
		};
/* End PBXContainerItemProxy section */

/* Begin PBXFileReference section */
		2A104374265B1AE800E7744F /* The Mobile Lab with UIKit.app */ = {isa = PBXFileReference; explicitFileType = wrapper.application; includeInIndex = 0; path = "The Mobile Lab with UIKit.app"; sourceTree = BUILT_PRODUCTS_DIR; };
		2A104377265B1AE800E7744F /* AppDelegate.swift */ = {isa = PBXFileReference; lastKnownFileType = sourcecode.swift; path = AppDelegate.swift; sourceTree = "<group>"; };
		2A104379265B1AE800E7744F /* SceneDelegate.swift */ = {isa = PBXFileReference; lastKnownFileType = sourcecode.swift; path = SceneDelegate.swift; sourceTree = "<group>"; };
		2A10437B265B1AE800E7744F /* ViewController.swift */ = {isa = PBXFileReference; lastKnownFileType = sourcecode.swift; path = ViewController.swift; sourceTree = "<group>"; };
		2A10437E265B1AE800E7744F /* Base */ = {isa = PBXFileReference; lastKnownFileType = file.storyboard; name = Base; path = Base.lproj/Main.storyboard; sourceTree = "<group>"; };
		2A104380265B1AEB00E7744F /* Assets.xcassets */ = {isa = PBXFileReference; lastKnownFileType = folder.assetcatalog; path = Assets.xcassets; sourceTree = "<group>"; };
		2A104383265B1AEB00E7744F /* Base */ = {isa = PBXFileReference; lastKnownFileType = file.storyboard; name = Base; path = Base.lproj/LaunchScreen.storyboard; sourceTree = "<group>"; };
		2A104385265B1AEB00E7744F /* Info.plist */ = {isa = PBXFileReference; lastKnownFileType = text.plist.xml; path = Info.plist; sourceTree = "<group>"; };
		2A10438A265B1AEC00E7744F /* The Mobile Lab with UIKitTests.xctest */ = {isa = PBXFileReference; explicitFileType = wrapper.cfbundle; includeInIndex = 0; path = "The Mobile Lab with UIKitTests.xctest"; sourceTree = BUILT_PRODUCTS_DIR; };
		2A10438E265B1AEC00E7744F /* The_Mobile_Lab_with_UIKitTests.swift */ = {isa = PBXFileReference; lastKnownFileType = sourcecode.swift; path = The_Mobile_Lab_with_UIKitTests.swift; sourceTree = "<group>"; };
		2A104390265B1AEC00E7744F /* Info.plist */ = {isa = PBXFileReference; lastKnownFileType = text.plist.xml; path = Info.plist; sourceTree = "<group>"; };
		2A104395265B1AEC00E7744F /* The Mobile Lab with UIKitUITests.xctest */ = {isa = PBXFileReference; explicitFileType = wrapper.cfbundle; includeInIndex = 0; path = "The Mobile Lab with UIKitUITests.xctest"; sourceTree = BUILT_PRODUCTS_DIR; };
		2A104399265B1AEC00E7744F /* The_Mobile_Lab_with_UIKitUITests.swift */ = {isa = PBXFileReference; lastKnownFileType = sourcecode.swift; path = The_Mobile_Lab_with_UIKitUITests.swift; sourceTree = "<group>"; };
		2A10439B265B1AEC00E7744F /* Info.plist */ = {isa = PBXFileReference; lastKnownFileType = text.plist.xml; path = Info.plist; sourceTree = "<group>"; };
/* End PBXFileReference section */

/* Begin PBXFrameworksBuildPhase section */
		2A104371265B1AE800E7744F /* Frameworks */ = {
			isa = PBXFrameworksBuildPhase;
			buildActionMask = 2147483647;
			files = (
			);
			runOnlyForDeploymentPostprocessing = 0;
		};
		2A104387265B1AEC00E7744F /* Frameworks */ = {
			isa = PBXFrameworksBuildPhase;
			buildActionMask = 2147483647;
			files = (
			);
			runOnlyForDeploymentPostprocessing = 0;
		};
		2A104392265B1AEC00E7744F /* Frameworks */ = {
			isa = PBXFrameworksBuildPhase;
			buildActionMask = 2147483647;
			files = (
			);
			runOnlyForDeploymentPostprocessing = 0;
		};
/* End PBXFrameworksBuildPhase section */

/* Begin PBXGroup section */
		2A10436B265B1AE800E7744F = {
			isa = PBXGroup;
			children = (
				2A104376265B1AE800E7744F /* The Mobile Lab with UIKit */,
				2A10438D265B1AEC00E7744F /* The Mobile Lab with UIKitTests */,
				2A104398265B1AEC00E7744F /* The Mobile Lab with UIKitUITests */,
				2A104375265B1AE800E7744F /* Products */,
			);
			sourceTree = "<group>";
		};
		2A104375265B1AE800E7744F /* Products */ = {
			isa = PBXGroup;
			children = (
				2A104374265B1AE800E7744F /* The Mobile Lab with UIKit.app */,
				2A10438A265B1AEC00E7744F /* The Mobile Lab with UIKitTests.xctest */,
				2A104395265B1AEC00E7744F /* The Mobile Lab with UIKitUITests.xctest */,
			);
			name = Products;
			sourceTree = "<group>";
		};
		2A104376265B1AE800E7744F /* The Mobile Lab with UIKit */ = {
			isa = PBXGroup;
			children = (
				2A104377265B1AE800E7744F /* AppDelegate.swift */,
				2A104379265B1AE800E7744F /* SceneDelegate.swift */,
				2A10437B265B1AE800E7744F /* ViewController.swift */,
				2A10437D265B1AE800E7744F /* Main.storyboard */,
				2A104380265B1AEB00E7744F /* Assets.xcassets */,
				2A104382265B1AEB00E7744F /* LaunchScreen.storyboard */,
				2A104385265B1AEB00E7744F /* Info.plist */,
			);
			path = "The Mobile Lab with UIKit";
			sourceTree = "<group>";
		};
		2A10438D265B1AEC00E7744F /* The Mobile Lab with UIKitTests */ = {
			isa = PBXGroup;
			children = (
				2A10438E265B1AEC00E7744F /* The_Mobile_Lab_with_UIKitTests.swift */,
				2A104390265B1AEC00E7744F /* Info.plist */,
			);
			path = "The Mobile Lab with UIKitTests";
			sourceTree = "<group>";
		};
		2A104398265B1AEC00E7744F /* The Mobile Lab with UIKitUITests */ = {
			isa = PBXGroup;
			children = (
				2A104399265B1AEC00E7744F /* The_Mobile_Lab_with_UIKitUITests.swift */,
				2A10439B265B1AEC00E7744F /* Info.plist */,
			);
			path = "The Mobile Lab with UIKitUITests";
			sourceTree = "<group>";
		};
/* End PBXGroup section */

/* Begin PBXNativeTarget section */
		2A104373265B1AE800E7744F /* The Mobile Lab with UIKit */ = {
			isa = PBXNativeTarget;
			buildConfigurationList = 2A10439E265B1AEC00E7744F /* Build configuration list for PBXNativeTarget "The Mobile Lab with UIKit" */;
			buildPhases = (
				2A104370265B1AE800E7744F /* Sources */,
				2A104371265B1AE800E7744F /* Frameworks */,
				2A104372265B1AE800E7744F /* Resources */,
			);
			buildRules = (
			);
			dependencies = (
			);
			name = "The Mobile Lab with UIKit";
			productName = "The Mobile Lab with UIKit";
			productReference = 2A104374265B1AE800E7744F /* The Mobile Lab with UIKit.app */;
			productType = "com.apple.product-type.application";
		};
		2A104389265B1AEC00E7744F /* The Mobile Lab with UIKitTests */ = {
			isa = PBXNativeTarget;
			buildConfigurationList = 2A1043A1265B1AEC00E7744F /* Build configuration list for PBXNativeTarget "The Mobile Lab with UIKitTests" */;
			buildPhases = (
				2A104386265B1AEC00E7744F /* Sources */,
				2A104387265B1AEC00E7744F /* Frameworks */,
				2A104388265B1AEC00E7744F /* Resources */,
			);
			buildRules = (
			);
			dependencies = (
				2A10438C265B1AEC00E7744F /* PBXTargetDependency */,
			);
			name = "The Mobile Lab with UIKitTests";
			productName = "The Mobile Lab with UIKitTests";
			productReference = 2A10438A265B1AEC00E7744F /* The Mobile Lab with UIKitTests.xctest */;
			productType = "com.apple.product-type.bundle.unit-test";
		};
		2A104394265B1AEC00E7744F /* The Mobile Lab with UIKitUITests */ = {
			isa = PBXNativeTarget;
			buildConfigurationList = 2A1043A4265B1AEC00E7744F /* Build configuration list for PBXNativeTarget "The Mobile Lab with UIKitUITests" */;
			buildPhases = (
				2A104391265B1AEC00E7744F /* Sources */,
				2A104392265B1AEC00E7744F /* Frameworks */,
				2A104393265B1AEC00E7744F /* Resources */,
			);
			buildRules = (
			);
			dependencies = (
				2A104397265B1AEC00E7744F /* PBXTargetDependency */,
			);
			name = "The Mobile Lab with UIKitUITests";
			productName = "The Mobile Lab with UIKitUITests";
			productReference = 2A104395265B1AEC00E7744F /* The Mobile Lab with UIKitUITests.xctest */;
			productType = "com.apple.product-type.bundle.ui-testing";
		};
/* End PBXNativeTarget section */

/* Begin PBXProject section */
		2A10436C265B1AE800E7744F /* Project object */ = {
			isa = PBXProject;
			attributes = {
				LastSwiftUpdateCheck = 1250;
				LastUpgradeCheck = 1250;
				TargetAttributes = {
					2A104373265B1AE800E7744F = {
						CreatedOnToolsVersion = 12.5;
					};
					2A104389265B1AEC00E7744F = {
						CreatedOnToolsVersion = 12.5;
						TestTargetID = 2A104373265B1AE800E7744F;
					};
					2A104394265B1AEC00E7744F = {
						CreatedOnToolsVersion = 12.5;
						TestTargetID = 2A104373265B1AE800E7744F;
					};
				};
			};
			buildConfigurationList = 2A10436F265B1AE800E7744F /* Build configuration list for PBXProject "The Mobile Lab with UIKit" */;
			compatibilityVersion = "Xcode 9.3";
			developmentRegion = en;
			hasScannedForEncodings = 0;
			knownRegions = (
				en,
				Base,
			);
			mainGroup = 2A10436B265B1AE800E7744F;
			productRefGroup = 2A104375265B1AE800E7744F /* Products */;
			projectDirPath = "";
			projectRoot = "";
			targets = (
				2A104373265B1AE800E7744F /* The Mobile Lab with UIKit */,
				2A104389265B1AEC00E7744F /* The Mobile Lab with UIKitTests */,
				2A104394265B1AEC00E7744F /* The Mobile Lab with UIKitUITests */,
			);
		};
/* End PBXProject section */

/* Begin PBXResourcesBuildPhase section */
		2A104372265B1AE800E7744F /* Resources */ = {
			isa = PBXResourcesBuildPhase;
			buildActionMask = 2147483647;
			files = (
				2A104384265B1AEB00E7744F /* LaunchScreen.storyboard in Resources */,
				2A104381265B1AEB00E7744F /* Assets.xcassets in Resources */,
				2A10437F265B1AE800E7744F /* Main.storyboard in Resources */,
			);
			runOnlyForDeploymentPostprocessing = 0;
		};
		2A104388265B1AEC00E7744F /* Resources */ = {
			isa = PBXResourcesBuildPhase;
			buildActionMask = 2147483647;
			files = (
			);
			runOnlyForDeploymentPostprocessing = 0;
		};
		2A104393265B1AEC00E7744F /* Resources */ = {
			isa = PBXResourcesBuildPhase;
			buildActionMask = 2147483647;
			files = (
			);
			runOnlyForDeploymentPostprocessing = 0;
		};
/* End PBXResourcesBuildPhase section */

/* Begin PBXSourcesBuildPhase section */
		2A104370265B1AE800E7744F /* Sources */ = {
			isa = PBXSourcesBuildPhase;
			buildActionMask = 2147483647;
			files = (
				2A10437C265B1AE800E7744F /* ViewController.swift in Sources */,
				2A104378265B1AE800E7744F /* AppDelegate.swift in Sources */,
				2A10437A265B1AE800E7744F /* SceneDelegate.swift in Sources */,
			);
			runOnlyForDeploymentPostprocessing = 0;
		};
		2A104386265B1AEC00E7744F /* Sources */ = {
			isa = PBXSourcesBuildPhase;
			buildActionMask = 2147483647;
			files = (
				2A10438F265B1AEC00E7744F /* The_Mobile_Lab_with_UIKitTests.swift in Sources */,
			);
			runOnlyForDeploymentPostprocessing = 0;
		};
		2A104391265B1AEC00E7744F /* Sources */ = {
			isa = PBXSourcesBuildPhase;
			buildActionMask = 2147483647;
			files = (
				2A10439A265B1AEC00E7744F /* The_Mobile_Lab_with_UIKitUITests.swift in Sources */,
			);
			runOnlyForDeploymentPostprocessing = 0;
		};
/* End PBXSourcesBuildPhase section */

/* Begin PBXTargetDependency section */
		2A10438C265B1AEC00E7744F /* PBXTargetDependency */ = {
			isa = PBXTargetDependency;
			target = 2A104373265B1AE800E7744F /* The Mobile Lab with UIKit */;
			targetProxy = 2A10438B265B1AEC00E7744F /* PBXContainerItemProxy */;
		};
		2A104397265B1AEC00E7744F /* PBXTargetDependency */ = {
			isa = PBXTargetDependency;
			target = 2A104373265B1AE800E7744F /* The Mobile Lab with UIKit */;
			targetProxy = 2A104396265B1AEC00E7744F /* PBXContainerItemProxy */;
		};
/* End PBXTargetDependency section */

/* Begin PBXVariantGroup section */
		2A10437D265B1AE800E7744F /* Main.storyboard */ = {
			isa = PBXVariantGroup;
			children = (
				2A10437E265B1AE800E7744F /* Base */,
			);
			name = Main.storyboard;
			sourceTree = "<group>";
		};
		2A104382265B1AEB00E7744F /* LaunchScreen.storyboard */ = {
			isa = PBXVariantGroup;
			children = (
				2A104383265B1AEB00E7744F /* Base */,
			);
			name = LaunchScreen.storyboard;
			sourceTree = "<group>";
		};
/* End PBXVariantGroup section */

/* Begin XCBuildConfiguration section */
		2A10439C265B1AEC00E7744F /* Debug */ = {
			isa = XCBuildConfiguration;
			buildSettings = {
				ALWAYS_SEARCH_USER_PATHS = NO;
				CLANG_ANALYZER_NONNULL = YES;
				CLANG_ANALYZER_NUMBER_OBJECT_CONVERSION = YES_AGGRESSIVE;
				CLANG_CXX_LANGUAGE_STANDARD = "gnu++14";
				CLANG_CXX_LIBRARY = "libc++";
				CLANG_ENABLE_MODULES = YES;
				CLANG_ENABLE_OBJC_ARC = YES;
				CLANG_ENABLE_OBJC_WEAK = YES;
				CLANG_WARN_BLOCK_CAPTURE_AUTORELEASING = YES;
				CLANG_WARN_BOOL_CONVERSION = YES;
				CLANG_WARN_COMMA = YES;
				CLANG_WARN_CONSTANT_CONVERSION = YES;
				CLANG_WARN_DEPRECATED_OBJC_IMPLEMENTATIONS = YES;
				CLANG_WARN_DIRECT_OBJC_ISA_USAGE = YES_ERROR;
				CLANG_WARN_DOCUMENTATION_COMMENTS = YES;
				CLANG_WARN_EMPTY_BODY = YES;
				CLANG_WARN_ENUM_CONVERSION = YES;
				CLANG_WARN_INFINITE_RECURSION = YES;
				CLANG_WARN_INT_CONVERSION = YES;
				CLANG_WARN_NON_LITERAL_NULL_CONVERSION = YES;
				CLANG_WARN_OBJC_IMPLICIT_RETAIN_SELF = YES;
				CLANG_WARN_OBJC_LITERAL_CONVERSION = YES;
				CLANG_WARN_OBJC_ROOT_CLASS = YES_ERROR;
				CLANG_WARN_QUOTED_INCLUDE_IN_FRAMEWORK_HEADER = YES;
				CLANG_WARN_RANGE_LOOP_ANALYSIS = YES;
				CLANG_WARN_STRICT_PROTOTYPES = YES;
				CLANG_WARN_SUSPICIOUS_MOVE = YES;
				CLANG_WARN_UNGUARDED_AVAILABILITY = YES_AGGRESSIVE;
				CLANG_WARN_UNREACHABLE_CODE = YES;
				CLANG_WARN__DUPLICATE_METHOD_MATCH = YES;
				COPY_PHASE_STRIP = NO;
				DEBUG_INFORMATION_FORMAT = dwarf;
				ENABLE_STRICT_OBJC_MSGSEND = YES;
				ENABLE_TESTABILITY = YES;
				GCC_C_LANGUAGE_STANDARD = gnu11;
				GCC_DYNAMIC_NO_PIC = NO;
				GCC_NO_COMMON_BLOCKS = YES;
				GCC_OPTIMIZATION_LEVEL = 0;
				GCC_PREPROCESSOR_DEFINITIONS = (
					"DEBUG=1",
					"$(inherited)",
				);
				GCC_WARN_64_TO_32_BIT_CONVERSION = YES;
				GCC_WARN_ABOUT_RETURN_TYPE = YES_ERROR;
				GCC_WARN_UNDECLARED_SELECTOR = YES;
				GCC_WARN_UNINITIALIZED_AUTOS = YES_AGGRESSIVE;
				GCC_WARN_UNUSED_FUNCTION = YES;
				GCC_WARN_UNUSED_VARIABLE = YES;
				IPHONEOS_DEPLOYMENT_TARGET = 14.5;
				MTL_ENABLE_DEBUG_INFO = INCLUDE_SOURCE;
				MTL_FAST_MATH = YES;
				ONLY_ACTIVE_ARCH = YES;
				SDKROOT = iphoneos;
				SWIFT_ACTIVE_COMPILATION_CONDITIONS = DEBUG;
				SWIFT_OPTIMIZATION_LEVEL = "-Onone";
			};
			name = Debug;
		};
		2A10439D265B1AEC00E7744F /* Release */ = {
			isa = XCBuildConfiguration;
			buildSettings = {
				ALWAYS_SEARCH_USER_PATHS = NO;
				CLANG_ANALYZER_NONNULL = YES;
				CLANG_ANALYZER_NUMBER_OBJECT_CONVERSION = YES_AGGRESSIVE;
				CLANG_CXX_LANGUAGE_STANDARD = "gnu++14";
				CLANG_CXX_LIBRARY = "libc++";
				CLANG_ENABLE_MODULES = YES;
				CLANG_ENABLE_OBJC_ARC = YES;
				CLANG_ENABLE_OBJC_WEAK = YES;
				CLANG_WARN_BLOCK_CAPTURE_AUTORELEASING = YES;
				CLANG_WARN_BOOL_CONVERSION = YES;
				CLANG_WARN_COMMA = YES;
				CLANG_WARN_CONSTANT_CONVERSION = YES;
				CLANG_WARN_DEPRECATED_OBJC_IMPLEMENTATIONS = YES;
				CLANG_WARN_DIRECT_OBJC_ISA_USAGE = YES_ERROR;
				CLANG_WARN_DOCUMENTATION_COMMENTS = YES;
				CLANG_WARN_EMPTY_BODY = YES;
				CLANG_WARN_ENUM_CONVERSION = YES;
				CLANG_WARN_INFINITE_RECURSION = YES;
				CLANG_WARN_INT_CONVERSION = YES;
				CLANG_WARN_NON_LITERAL_NULL_CONVERSION = YES;
				CLANG_WARN_OBJC_IMPLICIT_RETAIN_SELF = YES;
				CLANG_WARN_OBJC_LITERAL_CONVERSION = YES;
				CLANG_WARN_OBJC_ROOT_CLASS = YES_ERROR;
				CLANG_WARN_QUOTED_INCLUDE_IN_FRAMEWORK_HEADER = YES;
				CLANG_WARN_RANGE_LOOP_ANALYSIS = YES;
				CLANG_WARN_STRICT_PROTOTYPES = YES;
				CLANG_WARN_SUSPICIOUS_MOVE = YES;
				CLANG_WARN_UNGUARDED_AVAILABILITY = YES_AGGRESSIVE;
				CLANG_WARN_UNREACHABLE_CODE = YES;
				CLANG_WARN__DUPLICATE_METHOD_MATCH = YES;
				COPY_PHASE_STRIP = NO;
				DEBUG_INFORMATION_FORMAT = "dwarf-with-dsym";
				ENABLE_NS_ASSERTIONS = NO;
				ENABLE_STRICT_OBJC_MSGSEND = YES;
				GCC_C_LANGUAGE_STANDARD = gnu11;
				GCC_NO_COMMON_BLOCKS = YES;
				GCC_WARN_64_TO_32_BIT_CONVERSION = YES;
				GCC_WARN_ABOUT_RETURN_TYPE = YES_ERROR;
				GCC_WARN_UNDECLARED_SELECTOR = YES;
				GCC_WARN_UNINITIALIZED_AUTOS = YES_AGGRESSIVE;
				GCC_WARN_UNUSED_FUNCTION = YES;
				GCC_WARN_UNUSED_VARIABLE = YES;
				IPHONEOS_DEPLOYMENT_TARGET = 14.5;
				MTL_ENABLE_DEBUG_INFO = NO;
				MTL_FAST_MATH = YES;
				SDKROOT = iphoneos;
				SWIFT_COMPILATION_MODE = wholemodule;
				SWIFT_OPTIMIZATION_LEVEL = "-O";
				VALIDATE_PRODUCT = YES;
			};
			name = Release;
		};
		2A10439F265B1AEC00E7744F /* Debug */ = {
			isa = XCBuildConfiguration;
			buildSettings = {
				ASSETCATALOG_COMPILER_APPICON_NAME = AppIcon;
				ASSETCATALOG_COMPILER_GLOBAL_ACCENT_COLOR_NAME = AccentColor;
				CODE_SIGN_STYLE = Automatic;
				DEVELOPMENT_TEAM = CE9WNMPX38;
				INFOPLIST_FILE = "The Mobile Lab with UIKit/Info.plist";
				LD_RUNPATH_SEARCH_PATHS = (
					"$(inherited)",
					"@executable_path/Frameworks",
				);
				PRODUCT_BUNDLE_IDENTIFIER = "Webb-Tech.The-Mobile-Lab-with-UIKit";
				PRODUCT_NAME = "$(TARGET_NAME)";
				SWIFT_VERSION = 5.0;
				TARGETED_DEVICE_FAMILY = "1,2";
			};
			name = Debug;
		};
		2A1043A0265B1AEC00E7744F /* Release */ = {
			isa = XCBuildConfiguration;
			buildSettings = {
				ASSETCATALOG_COMPILER_APPICON_NAME = AppIcon;
				ASSETCATALOG_COMPILER_GLOBAL_ACCENT_COLOR_NAME = AccentColor;
				CODE_SIGN_STYLE = Automatic;
				DEVELOPMENT_TEAM = CE9WNMPX38;
				INFOPLIST_FILE = "The Mobile Lab with UIKit/Info.plist";
				LD_RUNPATH_SEARCH_PATHS = (
					"$(inherited)",
					"@executable_path/Frameworks",
				);
				PRODUCT_BUNDLE_IDENTIFIER = "Webb-Tech.The-Mobile-Lab-with-UIKit";
				PRODUCT_NAME = "$(TARGET_NAME)";
				SWIFT_VERSION = 5.0;
				TARGETED_DEVICE_FAMILY = "1,2";
			};
			name = Release;
		};
		2A1043A2265B1AEC00E7744F /* Debug */ = {
			isa = XCBuildConfiguration;
			buildSettings = {
				ALWAYS_EMBED_SWIFT_STANDARD_LIBRARIES = YES;
				BUNDLE_LOADER = "$(TEST_HOST)";
				CODE_SIGN_STYLE = Automatic;
				DEVELOPMENT_TEAM = CE9WNMPX38;
				INFOPLIST_FILE = "The Mobile Lab with UIKitTests/Info.plist";
				IPHONEOS_DEPLOYMENT_TARGET = 14.5;
				LD_RUNPATH_SEARCH_PATHS = (
					"$(inherited)",
					"@executable_path/Frameworks",
					"@loader_path/Frameworks",
				);
				PRODUCT_BUNDLE_IDENTIFIER = "Webb-Tech.The-Mobile-Lab-with-UIKitTests";
				PRODUCT_NAME = "$(TARGET_NAME)";
				SWIFT_VERSION = 5.0;
				TARGETED_DEVICE_FAMILY = "1,2";
				TEST_HOST = "$(BUILT_PRODUCTS_DIR)/The Mobile Lab with UIKit.app/The Mobile Lab with UIKit";
			};
			name = Debug;
		};
		2A1043A3265B1AEC00E7744F /* Release */ = {
			isa = XCBuildConfiguration;
			buildSettings = {
				ALWAYS_EMBED_SWIFT_STANDARD_LIBRARIES = YES;
				BUNDLE_LOADER = "$(TEST_HOST)";
				CODE_SIGN_STYLE = Automatic;
				DEVELOPMENT_TEAM = CE9WNMPX38;
				INFOPLIST_FILE = "The Mobile Lab with UIKitTests/Info.plist";
				IPHONEOS_DEPLOYMENT_TARGET = 14.5;
				LD_RUNPATH_SEARCH_PATHS = (
					"$(inherited)",
					"@executable_path/Frameworks",
					"@loader_path/Frameworks",
				);
				PRODUCT_BUNDLE_IDENTIFIER = "Webb-Tech.The-Mobile-Lab-with-UIKitTests";
				PRODUCT_NAME = "$(TARGET_NAME)";
				SWIFT_VERSION = 5.0;
				TARGETED_DEVICE_FAMILY = "1,2";
				TEST_HOST = "$(BUILT_PRODUCTS_DIR)/The Mobile Lab with UIKit.app/The Mobile Lab with UIKit";
			};
			name = Release;
		};
		2A1043A5265B1AEC00E7744F /* Debug */ = {
			isa = XCBuildConfiguration;
			buildSettings = {
				ALWAYS_EMBED_SWIFT_STANDARD_LIBRARIES = YES;
				CODE_SIGN_STYLE = Automatic;
				DEVELOPMENT_TEAM = CE9WNMPX38;
				INFOPLIST_FILE = "The Mobile Lab with UIKitUITests/Info.plist";
				LD_RUNPATH_SEARCH_PATHS = (
					"$(inherited)",
					"@executable_path/Frameworks",
					"@loader_path/Frameworks",
				);
				PRODUCT_BUNDLE_IDENTIFIER = "Webb-Tech.The-Mobile-Lab-with-UIKitUITests";
				PRODUCT_NAME = "$(TARGET_NAME)";
				SWIFT_VERSION = 5.0;
				TARGETED_DEVICE_FAMILY = "1,2";
				TEST_TARGET_NAME = "The Mobile Lab with UIKit";
			};
			name = Debug;
		};
		2A1043A6265B1AEC00E7744F /* Release */ = {
			isa = XCBuildConfiguration;
			buildSettings = {
				ALWAYS_EMBED_SWIFT_STANDARD_LIBRARIES = YES;
				CODE_SIGN_STYLE = Automatic;
				DEVELOPMENT_TEAM = CE9WNMPX38;
				INFOPLIST_FILE = "The Mobile Lab with UIKitUITests/Info.plist";
				LD_RUNPATH_SEARCH_PATHS = (
					"$(inherited)",
					"@executable_path/Frameworks",
					"@loader_path/Frameworks",
				);
				PRODUCT_BUNDLE_IDENTIFIER = "Webb-Tech.The-Mobile-Lab-with-UIKitUITests";
				PRODUCT_NAME = "$(TARGET_NAME)";
				SWIFT_VERSION = 5.0;
				TARGETED_DEVICE_FAMILY = "1,2";
				TEST_TARGET_NAME = "The Mobile Lab with UIKit";
			};
			name = Release;
		};
/* End XCBuildConfiguration section */

/* Begin XCConfigurationList section */
		2A10436F265B1AE800E7744F /* Build configuration list for PBXProject "The Mobile Lab with UIKit" */ = {
			isa = XCConfigurationList;
			buildConfigurations = (
				2A10439C265B1AEC00E7744F /* Debug */,
				2A10439D265B1AEC00E7744F /* Release */,
			);
			defaultConfigurationIsVisible = 0;
			defaultConfigurationName = Release;
		};
		2A10439E265B1AEC00E7744F /* Build configuration list for PBXNativeTarget "The Mobile Lab with UIKit" */ = {
			isa = XCConfigurationList;
			buildConfigurations = (
				2A10439F265B1AEC00E7744F /* Debug */,
				2A1043A0265B1AEC00E7744F /* Release */,
			);
			defaultConfigurationIsVisible = 0;
			defaultConfigurationName = Release;
		};
		2A1043A1265B1AEC00E7744F /* Build configuration list for PBXNativeTarget "The Mobile Lab with UIKitTests" */ = {
			isa = XCConfigurationList;
			buildConfigurations = (
				2A1043A2265B1AEC00E7744F /* Debug */,
				2A1043A3265B1AEC00E7744F /* Release */,
			);
			defaultConfigurationIsVisible = 0;
			defaultConfigurationName = Release;
		};
		2A1043A4265B1AEC00E7744F /* Build configuration list for PBXNativeTarget "The Mobile Lab with UIKitUITests" */ = {
			isa = XCConfigurationList;
			buildConfigurations = (
				2A1043A5265B1AEC00E7744F /* Debug */,
				2A1043A6265B1AEC00E7744F /* Release */,
			);
			defaultConfigurationIsVisible = 0;
			defaultConfigurationName = Release;
		};
/* End XCConfigurationList section */
	};
	rootObject = 2A10436C265B1AE800E7744F /* Project object */;
}
